
Microsoft Visual Studio Solution File, Format Version 12.00
# Visual Studio 15
VisualStudioVersion = 15.0.26403.3
MinimumVisualStudioVersion = 10.0.40219.1
Project("{9A19103F-16F7-4668-BE54-9A1E7A4F7556}") = "RfidSPA", "RfidSPA.csproj", "{CA0DA98B-1950-4903-93CB-3A68719A6A3C}"
EndProject
Global
	GlobalSection(SolutionConfigurationPlatforms) = preSolution
		Debug|Any CPU = Debug|Any CPU
		Release|Any CPU = Release|Any CPU
	EndGlobalSection
	GlobalSection(ProjectConfigurationPlatforms) = postSolution
		{CA0DA98B-1950-4903-93CB-3A68719A6A3C}.Debug|Any CPU.ActiveCfg = Debug|Any CPU
		{CA0DA98B-1950-4903-93CB-3A68719A6A3C}.Debug|Any CPU.Build.0 = Debug|Any CPU
		{CA0DA98B-1950-4903-93CB-3A68719A6A3C}.Release|Any CPU.ActiveCfg = Release|Any CPU
		{CA0DA98B-1950-4903-93CB-3A68719A6A3C}.Release|Any CPU.Build.0 = Release|Any CPU
	EndGlobalSection
	GlobalSection(SolutionProperties) = preSolution
		HideSolutionNode = FALSE
	EndGlobalSection
EndGlobal
